hash: 7fc378ba93d24b16dc362c7c971b1b56ab4d935ffe4c3205fe2588b1ff01f263
updated: 2018-08-17T16:58:13.187329311-04:00
imports:
- name: git.fd.io/govpp.git
  version: e44d8c3905e22f940a100e6331a45412cba9d47e
  subpackages:
  - adapter
  - adapter/vppapiclient
  - api
  - core
  - core/bin_api/vpe
- name: github.com/bennyscetbun/jsongo
  version: 5240b3f82c6665fe3ccd96bdf5e6f38fe1e1399d
- name: github.com/containernetworking/cni
  version: a7885cb6f8ab03fba07852ded351e4f5e7a112bf
  subpackages:
  - pkg/invoke
  - pkg/skel
  - pkg/types
  - pkg/types/020
  - pkg/types/current
  - pkg/version
- name: github.com/containernetworking/plugins
  version: 7480240de9749f9a0a5c8614b17f1f03e0c06ab9
  subpackages:
  - pkg/ip
  - pkg/ipam
  - pkg/ns
  - pkg/utils/hwaddr
- name: github.com/coreos/go-iptables
  version: b5b1876b170881a8259f036445ee89c8669db386
  subpackages:
  - iptables
- name: github.com/fsnotify/fsnotify
  version: 4da3e2cfbabc9f751898f250b49f2439785783a1
- name: github.com/google/gopacket
  version: 8e484f31b1237166f00e4896d27ddde259540632
- name: github.com/lunixbochs/struc
  version: ef56447db6a068ad9e52bc54a1aff5fb9e1ed2dd
- name: github.com/sirupsen/logrus
  version: 202f25545ea4cf9b191ff7f846df5d87c9382c2b
- name: github.com/vishvananda/netlink
  version: 6e453822d85ef5721799774b654d4d02fed62afb
  subpackages:
  - nl
- name: github.com/vishvananda/netns
  version: be1fbeda19366dea804f00efff2dd73a1642fdcc
- name: golang.org/x/sys
  version: 076b546753157f758b316e59bcb51e6807c04057
  subpackages:
  - unix
testImports: []
